
Microsoft Visual Studio Solution File, Format Version 12.00
# Visual Studio Version 17
VisualStudioVersion = 17.10.35027.167
MinimumVisualStudioVersion = 10.0.40219.1
Project("{FAE04EC0-301F-11D3-BF4B-00C04F79EFBC}") = "Intoduction_To_C#", "Intoduction_To_C#\Intoduction_To_C#.csproj", "{0EF8DCA4-FCF7-4B08-BA2A-C71B6C451590}"
EndProject
Global
	GlobalSection(SolutionConfigurationPlatforms) = preSolution
		Debug|Any CPU = Debug|Any CPU
		Release|Any CPU = Release|Any CPU
	EndGlobalSection
	GlobalSection(ProjectConfigurationPlatforms) = postSolution
		{0EF8DCA4-FCF7-4B08-BA2A-C71B6C451590}.Debug|Any CPU.ActiveCfg = Debug|Any CPU
		{0EF8DCA4-FCF7-4B08-BA2A-C71B6C451590}.Debug|Any CPU.Build.0 = Debug|Any CPU
		{0EF8DCA4-FCF7-4B08-BA2A-C71B6C451590}.Release|Any CPU.ActiveCfg = Release|Any CPU
		{0EF8DCA4-FCF7-4B08-BA2A-C71B6C451590}.Release|Any CPU.Build.0 = Release|Any CPU
	EndGlobalSection
	GlobalSection(SolutionProperties) = preSolution
		HideSolutionNode = FALSE
	EndGlobalSection
	GlobalSection(ExtensibilityGlobals) = postSolution
		SolutionGuid = {6A37DE79-9B80-499C-8035-86A7FF08A393}
	EndGlobalSection
EndGlobal
